// !$*UTF8*$!
{
	archiveVersion = 1;
	classes = {
	};
	objectVersion = 46;
	objects = {

	/* Begin PBXBuildFile section */
		C1A0D7D618E01E0900863EA1 /* lltd_wifi_iokit.c in Sources */ = {isa = PBXBuildFile; fileRef = C1A0D7D518E01E0900863EA1 /* lltd_wifi_iokit.c */; };
		C1A0D7D618E01E0900863EA2 /* lltd_wifi_rates.c in Sources */ = {isa = PBXBuildFile; fileRef = C1A0D7D518E01E0900863EA2 /* lltd_wifi_rates.c */; };
		E500D7D618E01E0900863EAC /* darwin-ops.c in Sources */ = {isa = PBXBuildFile; fileRef = E500D7D518E01E0900863EAC /* darwin-ops.c */; };
		E500D7DD18E02F3900863EAC /* ImageIO.framework in Frameworks */ = {isa = PBXBuildFile; fileRef = E500D7DC18E02F3900863EAC /* ImageIO.framework */; };
		E500D7E318E0427200863EAC /* CoreServices.framework in Frameworks */ = {isa = PBXBuildFile; fileRef = E500D7E218E0427200863EAC /* CoreServices.framework */; };
		E53E69BF1908293B0033F651 /* lltdBlock.c in Sources */ = {isa = PBXBuildFile; fileRef = E53E69BE1908293B0033F651 /* lltdBlock.c */; };
		E59ADBBE1C80982300895932 /* SystemConfiguration.framework in Frameworks */ = {isa = PBXBuildFile; fileRef = E59ADBBD1C80982300895932 /* SystemConfiguration.framework */; };
		E59C3D6A18E9B38C006836B0 /* CoreFoundation.framework in Frameworks */ = {isa = PBXBuildFile; fileRef = E59E8BF418CF4D250054B295 /* CoreFoundation.framework */; };
		E59E8BF518CF4D250054B295 /* CoreFoundation.framework in Frameworks */ = {isa = PBXBuildFile; fileRef = E59E8BF418CF4D250054B295 /* CoreFoundation.framework */; };
			E59E8BFA18CF4D250054B295 /* lltdResponder.1 in CopyFiles */ = {isa = PBXBuildFile; fileRef = E59E8BF918CF4D250054B295 /* lltdResponder.1 */; };
		E59E8BFF18CF4D4A0054B295 /* IOKit.framework in Frameworks */ = {isa = PBXBuildFile; fileRef = E59E8BFE18CF4D4A0054B295 /* IOKit.framework */; };
		E59E8C0318CF4D550054B295 /* CoreWLAN.framework in Frameworks */ = {isa = PBXBuildFile; fileRef = E59E8C0218CF4D550054B295 /* CoreWLAN.framework */; settings = {ATTRIBUTES = (Weak, ); }; };
			E5A41A0E19082C0B00D5D2FD /* darwin-main.c in Sources */ = {isa = PBXBuildFile; fileRef = E5A41A0D19082C0B00D5D2FD /* darwin-main.c */; };
			E5FD8AE0192A130900E4EA22 /* lltdTlvOps.c in Sources */ = {isa = PBXBuildFile; fileRef = E59A5324190BEBB500CF5329 /* lltdTlvOps.c */; };
				FAD3A21C19EACF54000FB445 /* lltdAutomata.c in Sources */ = {isa = PBXBuildFile; fileRef = FAD3A21A19EACF54000FB445 /* lltdAutomata.c */; };
				A1B2C3D4E5F60718293A4B5E /* lltdWire.c in Sources */ = {isa = PBXBuildFile; fileRef = A1B2C3D4E5F60718293A4B5C /* lltdWire.c */; };
				DE4ED2E0A1B2C3D4E5F60709 /* lltd_port.c in Sources */ = {isa = PBXBuildFile; fileRef = DE4ED2E0A1B2C3D4E5F60708 /* lltd_port.c */; };
		FAD3A22719EACFF8000FB445 /* CoreServices.framework in Frameworks */ = {isa = PBXBuildFile; fileRef = E500D7E218E0427200863EAC /* CoreServices.framework */; };
		FAD3A22819EACFF8000FB445 /* ImageIO.framework in Frameworks */ = {isa = PBXBuildFile; fileRef = E500D7DC18E02F3900863EAC /* ImageIO.framework */; };
		FAD3A22919EACFF8000FB445 /* CoreWLAN.framework in Frameworks */ = {isa = PBXBuildFile; fileRef = E59E8C0218CF4D550054B295 /* CoreWLAN.framework */; };
		FAD3A22B19EACFF8000FB445 /* IOKit.framework in Frameworks */ = {isa = PBXBuildFile; fileRef = E59E8BFE18CF4D4A0054B295 /* IOKit.framework */; };
		FAD3A22C19EACFF8000FB445 /* CoreFoundation.framework in Frameworks */ = {isa = PBXBuildFile; fileRef = E59E8BF418CF4D250054B295 /* CoreFoundation.framework */; };
			FAD3A22E19EACFF8000FB445 /* lltdResponder.1 in CopyFiles */ = {isa = PBXBuildFile; fileRef = E59E8BF918CF4D250054B295 /* lltdResponder.1 */; };
		FAD3A23419EAD02E000FB445 /* main_autom.c in Sources */ = {isa = PBXBuildFile; fileRef = FAD3A21E19EACF76000FB445 /* main_autom.c */; };
/* End PBXBuildFile section */

/* Begin PBXCopyFilesBuildPhase section */
		E59E8BF118CF4D250054B295 /* CopyFiles */ = {
			isa = PBXCopyFilesBuildPhase;
			buildActionMask = 2147483647;
			dstPath = /usr/share/man/man1/;
			dstSubfolderSpec = 0;
			files = (
					E59E8BFA18CF4D250054B295 /* lltdResponder.1 in CopyFiles */,
			);
			runOnlyForDeploymentPostprocessing = 1;
		};
		FAD3A22D19EACFF8000FB445 /* CopyFiles */ = {
			isa = PBXCopyFilesBuildPhase;
			buildActionMask = 2147483647;
			dstPath = /usr/share/man/man1/;
			dstSubfolderSpec = 0;
			files = (
					FAD3A22E19EACFF8000FB445 /* lltdResponder.1 in CopyFiles */,
			);
			runOnlyForDeploymentPostprocessing = 1;
		};
/* End PBXCopyFilesBuildPhase section */

	/* Begin PBXFileReference section */
			C1A0D7D518E01E0900863EA1 /* lltd_wifi_iokit.c */ = {isa = PBXFileReference; fileEncoding = 4; lastKnownFileType = sourcecode.c.c; name = "lltd_wifi_iokit.c"; path = "os/darwin/daemon/lltd_wifi_iokit.c"; sourceTree = SOURCE_ROOT; };
			C1A0D7D518E01E0900863EA2 /* lltd_wifi_rates.c */ = {isa = PBXFileReference; fileEncoding = 4; lastKnownFileType = sourcecode.c.c; name = "lltd_wifi_rates.c"; path = "os/darwin/daemon/lltd_wifi_rates.c"; sourceTree = SOURCE_ROOT; };
			C1A0D7D518E01E0900863EA3 /* lltd_wifi_corewlan.h */ = {isa = PBXFileReference; fileEncoding = 4; lastKnownFileType = sourcecode.c.h; name = "lltd_wifi_corewlan.h"; path = "os/darwin/daemon/lltd_wifi_corewlan.h"; sourceTree = SOURCE_ROOT; };
			C1A0D7D518E01E0900863EA4 /* lltd_wifi_rates.h */ = {isa = PBXFileReference; fileEncoding = 4; lastKnownFileType = sourcecode.c.h; name = "lltd_wifi_rates.h"; path = "os/darwin/daemon/lltd_wifi_rates.h"; sourceTree = SOURCE_ROOT; };
			E500D7D518E01E0900863EAC /* darwin-ops.c */ = {isa = PBXFileReference; fileEncoding = 4; lastKnownFileType = sourcecode.c.c; name = "darwin-ops.c"; path = "os/darwin/daemon/darwin-ops.c"; sourceTree = SOURCE_ROOT; };
			E500D7D718E01E1800863EAC /* darwin-ops.h */ = {isa = PBXFileReference; fileEncoding = 4; lastKnownFileType = sourcecode.c.h; name = "darwin-ops.h"; path = "os/darwin/daemon/darwin-ops.h"; sourceTree = SOURCE_ROOT; };
		E500D7DC18E02F3900863EAC /* ImageIO.framework */ = {isa = PBXFileReference; lastKnownFileType = wrapper.framework; name = ImageIO.framework; path = System/Library/Frameworks/ImageIO.framework; sourceTree = SDKROOT; };
		E500D7E218E0427200863EAC /* CoreServices.framework */ = {isa = PBXFileReference; lastKnownFileType = wrapper.framework; name = CoreServices.framework; path = System/Library/Frameworks/CoreServices.framework; sourceTree = SDKROOT; };
			E53E69BE1908293B0033F651 /* lltdBlock.c */ = {isa = PBXFileReference; fileEncoding = 4; lastKnownFileType = sourcecode.c.c; name = lltdBlock.c; path = os/daemon/lltdBlock.c; sourceTree = SOURCE_ROOT; };
			E53E69C0190829540033F651 /* lltdBlock.h */ = {isa = PBXFileReference; fileEncoding = 4; lastKnownFileType = sourcecode.c.h; name = lltdBlock.h; path = os/daemon/lltdBlock.h; sourceTree = SOURCE_ROOT; };
			E53FA3A31C6A787F009E43DD /* linux-main.c */ = {isa = PBXFileReference; fileEncoding = 4; lastKnownFileType = sourcecode.c.c; name = "linux-main.c"; path = "os/linux/daemon/linux-main.c"; sourceTree = SOURCE_ROOT; };
			E53FA3A41C6A787F009E43DD /* linux-main.h */ = {isa = PBXFileReference; fileEncoding = 4; lastKnownFileType = sourcecode.c.h; name = "linux-main.h"; path = "os/linux/daemon/linux-main.h"; sourceTree = SOURCE_ROOT; };
			E54C38B218F191EB00127645 /* lltdDaemon.plist */ = {isa = PBXFileReference; fileEncoding = 4; lastKnownFileType = text.plist.xml; name = lltdDaemon.plist; path = os/darwin/daemon/net.shmessenger.darwin.lltdDaemon.plist; sourceTree = SOURCE_ROOT; };
			E55B08981C6A3C930020A136 /* lltdDaemon.h */ = {isa = PBXFileReference; fileEncoding = 4; lastKnownFileType = sourcecode.c.h; name = lltdDaemon.h; path = os/daemon/lltdDaemon.h; sourceTree = SOURCE_ROOT; };
			E55B08991C6A4E8B0020A136 /* msIcoFormat.h */ = {isa = PBXFileReference; fileEncoding = 4; lastKnownFileType = sourcecode.c.h; name = msIcoFormat.h; path = lltdResponder/msIcoFormat.h; sourceTree = SOURCE_ROOT; };
			E5774FA718D61F5E00988358 /* darwin-main.h */ = {isa = PBXFileReference; fileEncoding = 4; lastKnownFileType = sourcecode.c.h; name = "darwin-main.h"; path = "os/darwin/daemon/darwin-main.h"; sourceTree = SOURCE_ROOT; };
			E59A5324190BEBB500CF5329 /* lltdTlvOps.c */ = {isa = PBXFileReference; fileEncoding = 4; lastKnownFileType = sourcecode.c.c; name = lltdTlvOps.c; path = os/daemon/lltdTlvOps.c; sourceTree = SOURCE_ROOT; };
			E59A5326190BEBC600CF5329 /* lltdTlvOps.h */ = {isa = PBXFileReference; fileEncoding = 4; lastKnownFileType = sourcecode.c.h; name = lltdTlvOps.h; path = os/daemon/lltdTlvOps.h; sourceTree = SOURCE_ROOT; };
		E59ADBBD1C80982300895932 /* SystemConfiguration.framework */ = {isa = PBXFileReference; lastKnownFileType = wrapper.framework; name = SystemConfiguration.framework; path = System/Library/Frameworks/SystemConfiguration.framework; sourceTree = SDKROOT; };
		E59E8BF318CF4D250054B295 /* lltdDaemon */ = {isa = PBXFileReference; explicitFileType = "compiled.mach-o.executable"; includeInIndex = 0; path = lltdResponder; sourceTree = BUILT_PRODUCTS_DIR; };
		E59E8BF418CF4D250054B295 /* CoreFoundation.framework */ = {isa = PBXFileReference; lastKnownFileType = wrapper.framework; name = CoreFoundation.framework; path = System/Library/Frameworks/CoreFoundation.framework; sourceTree = SDKROOT; };
			E59E8BF918CF4D250054B295 /* lltdResponder.1 */ = {isa = PBXFileReference; fileEncoding = 4; lastKnownFileType = text.man; name = lltdResponder.1; path = Documentation/lltdResponder.1; sourceTree = SOURCE_ROOT; };
		E59E8BFE18CF4D4A0054B295 /* IOKit.framework */ = {isa = PBXFileReference; lastKnownFileType = wrapper.framework; name = IOKit.framework; path = System/Library/Frameworks/IOKit.framework; sourceTree = SDKROOT; };
		E59E8C0218CF4D550054B295 /* CoreWLAN.framework */ = {isa = PBXFileReference; lastKnownFileType = wrapper.framework; name = CoreWLAN.framework; path = System/Library/Frameworks/CoreWLAN.framework; sourceTree = SDKROOT; };
			E5A41A0D19082C0B00D5D2FD /* darwin-main.c */ = {isa = PBXFileReference; fileEncoding = 4; lastKnownFileType = sourcecode.c.c; name = "darwin-main.c"; path = "os/darwin/daemon/darwin-main.c"; sourceTree = SOURCE_ROOT; };
		E5E475591C6B7E850054AC33 /* distribution.xml */ = {isa = PBXFileReference; fileEncoding = 4; lastKnownFileType = text.xml; path = distribution.xml; sourceTree = "<group>"; };
				FAD3A21A19EACF54000FB445 /* lltdAutomata.c */ = {isa = PBXFileReference; fileEncoding = 4; lastKnownFileType = sourcecode.c.c; name = lltdAutomata.c; path = lltdResponder/lltdAutomata.c; sourceTree = SOURCE_ROOT; };
					FAD3A21B19EACF54000FB445 /* lltdAutomata.h */ = {isa = PBXFileReference; fileEncoding = 4; lastKnownFileType = sourcecode.c.h; name = lltdAutomata.h; path = lltdResponder/lltdAutomata.h; sourceTree = SOURCE_ROOT; };
				A1B2C3D4E5F60718293A4B5C /* lltdWire.c */ = {isa = PBXFileReference; fileEncoding = 4; lastKnownFileType = sourcecode.c.c; name = lltdWire.c; path = lltdResponder/lltdWire.c; sourceTree = SOURCE_ROOT; };
				A1B2C3D4E5F60718293A4B5D /* lltdWire.h */ = {isa = PBXFileReference; fileEncoding = 4; lastKnownFileType = sourcecode.c.h; name = lltdWire.h; path = lltdResponder/lltdWire.h; sourceTree = SOURCE_ROOT; };
				DE4ED2E0A1B2C3D4E5F60708 /* lltd_port.c */ = {isa = PBXFileReference; fileEncoding = 4; lastKnownFileType = sourcecode.c.c; name = lltd_port.c; path = os/darwin/lltd_port.c; sourceTree = SOURCE_ROOT; };
			FAD3A21E19EACF76000FB445 /* main_autom.c */ = {isa = PBXFileReference; fileEncoding = 4; lastKnownFileType = sourcecode.c.c; name = main_autom.c; path = tools/automata/main_autom.c; sourceTree = SOURCE_ROOT; };
/* End PBXFileReference section */

/* Begin PBXFrameworksBuildPhase section */
		E59E8BF018CF4D250054B295 /* Frameworks */ = {
			isa = PBXFrameworksBuildPhase;
			buildActionMask = 2147483647;
			files = (
				E59ADBBE1C80982300895932 /* SystemConfiguration.framework in Frameworks */,
				E500D7E318E0427200863EAC /* CoreServices.framework in Frameworks */,
				E500D7DD18E02F3900863EAC /* ImageIO.framework in Frameworks */,
				E59E8C0318CF4D550054B295 /* CoreWLAN.framework in Frameworks */,
				E59E8BFF18CF4D4A0054B295 /* IOKit.framework in Frameworks */,
				E59E8BF518CF4D250054B295 /* CoreFoundation.framework in Frameworks */,
			);
			runOnlyForDeploymentPostprocessing = 0;
		};
		FAD3A22619EACFF8000FB445 /* Frameworks */ = {
			isa = PBXFrameworksBuildPhase;
			buildActionMask = 2147483647;
			files = (
				FAD3A22719EACFF8000FB445 /* CoreServices.framework in Frameworks */,
				FAD3A22819EACFF8000FB445 /* ImageIO.framework in Frameworks */,
				FAD3A22919EACFF8000FB445 /* CoreWLAN.framework in Frameworks */,
				FAD3A22B19EACFF8000FB445 /* IOKit.framework in Frameworks */,
				FAD3A22C19EACFF8000FB445 /* CoreFoundation.framework in Frameworks */,
			);
			runOnlyForDeploymentPostprocessing = 0;
		};
/* End PBXFrameworksBuildPhase section */

/* Begin PBXGroup section */
		E52240EF18CF0CA200DD9E2F = {
			isa = PBXGroup;
			children = (
				E5E475591C6B7E850054AC33 /* distribution.xml */,
				E59E8BF618CF4D250054B295 /* lltdDaemon */,
				E52240FA18CF0CA200DD9E2F /* Frameworks */,
				E52240F918CF0CA200DD9E2F /* Products */,
			);
			sourceTree = "<group>";
		};
		E52240F918CF0CA200DD9E2F /* Products */ = {
			isa = PBXGroup;
			children = (
				E59E8BF318CF4D250054B295 /* lltdDaemon */,
			);
			name = Products;
			sourceTree = "<group>";
		};
		E52240FA18CF0CA200DD9E2F /* Frameworks */ = {
			isa = PBXGroup;
			children = (
				E59ADBBD1C80982300895932 /* SystemConfiguration.framework */,
				E500D7E218E0427200863EAC /* CoreServices.framework */,
				E500D7DC18E02F3900863EAC /* ImageIO.framework */,
				E59E8C0218CF4D550054B295 /* CoreWLAN.framework */,
				E59E8BFE18CF4D4A0054B295 /* IOKit.framework */,
				E59E8BF418CF4D250054B295 /* CoreFoundation.framework */,
			);
			name = Frameworks;
			sourceTree = "<group>";
		};
			E59E8BF618CF4D250054B295 /* lltdDaemon */ = {
				isa = PBXGroup;
				children = (
				FAD3A21E19EACF76000FB445 /* main_autom.c */,
					E59E8BF918CF4D250054B295 /* lltdResponder.1 */,
				E54C38B218F191EB00127645 /* lltdDaemon.plist */,
				E5A41A0D19082C0B00D5D2FD /* darwin-main.c */,
				E5774FA718D61F5E00988358 /* darwin-main.h */,
				E500D7D518E01E0900863EAC /* darwin-ops.c */,
				E500D7D718E01E1800863EAC /* darwin-ops.h */,
				C1A0D7D518E01E0900863EA1 /* lltd_wifi_iokit.c */,
				C1A0D7D518E01E0900863EA3 /* lltd_wifi_corewlan.h */,
				C1A0D7D518E01E0900863EA2 /* lltd_wifi_rates.c */,
				C1A0D7D518E01E0900863EA4 /* lltd_wifi_rates.h */,
				E53E69BE1908293B0033F651 /* lltdBlock.c */,
				E53E69C0190829540033F651 /* lltdBlock.h */,
					E55B08981C6A3C930020A136 /* lltdDaemon.h */,
						FAD3A21A19EACF54000FB445 /* lltdAutomata.c */,
						FAD3A21B19EACF54000FB445 /* lltdAutomata.h */,
						A1B2C3D4E5F60718293A4B5C /* lltdWire.c */,
						A1B2C3D4E5F60718293A4B5D /* lltdWire.h */,
						DE4ED2E0A1B2C3D4E5F60708 /* lltd_port.c */,
						E59A5324190BEBB500CF5329 /* lltdTlvOps.c */,
						E59A5326190BEBC600CF5329 /* lltdTlvOps.h */,
				E55B08991C6A4E8B0020A136 /* msIcoFormat.h */,
				E53FA3A31C6A787F009E43DD /* linux-main.c */,
				E53FA3A41C6A787F009E43DD /* linux-main.h */,
			);
				name = lltdResponder;
				sourceTree = "<group>";
			};
/* End PBXGroup section */

/* Begin PBXNativeTarget section */
		E59E8BF218CF4D250054B295 /* lltdDaemon */ = {
			isa = PBXNativeTarget;
			buildConfigurationList = E59E8BFD18CF4D250054B295 /* Build configuration list for PBXNativeTarget "lltdDaemon" */;
			buildPhases = (
				E59E8BEF18CF4D250054B295 /* Sources */,
				E59E8BF018CF4D250054B295 /* Frameworks */,
				E59E8BF118CF4D250054B295 /* CopyFiles */,
			);
			buildRules = (
			);
			dependencies = (
			);
			name = lltdResponder;
			productReference = E59E8BF318CF4D250054B295 /* lltdDaemon */;
			productType = "com.apple.product-type.tool";
		};
		FAD3A21F19EACFF8000FB445 /* automata */ = {
			isa = PBXNativeTarget;
			buildConfigurationList = FAD3A22F19EACFF8000FB445 /* Build configuration list for PBXNativeTarget "automata" */;
			buildPhases = (
				FAD3A22019EACFF8000FB445 /* Sources */,
				FAD3A22619EACFF8000FB445 /* Frameworks */,
				FAD3A22D19EACFF8000FB445 /* CopyFiles */,
			);
			buildRules = (
			);
			dependencies = (
			);
			name = automata;
			productType = "com.apple.product-type.tool";
		};
/* End PBXNativeTarget section */

/* Begin PBXProject section */
		E52240F018CF0CA200DD9E2F /* Project object */ = {
			isa = PBXProject;
			attributes = {
				LastUpgradeCheck = 0720;
				ORGANIZATIONNAME = "Răzvan Corneliu C.R. VILT";
			};
			buildConfigurationList = E52240F318CF0CA200DD9E2F /* Build configuration list for PBXProject "lltdDaemon" */;
			compatibilityVersion = "Xcode 3.2";
			developmentRegion = English;
			hasScannedForEncodings = 0;
			knownRegions = (
				en,
			);
			mainGroup = E52240EF18CF0CA200DD9E2F;
			productRefGroup = E52240F918CF0CA200DD9E2F /* Products */;
			projectDirPath = "";
			projectRoot = "";
			targets = (
				E59E8BF218CF4D250054B295 /* lltdDaemon */,
				FAD3A21F19EACFF8000FB445 /* automata */,
			);
		};
/* End PBXProject section */

/* Begin PBXSourcesBuildPhase section */
			E59E8BEF18CF4D250054B295 /* Sources */ = {
				isa = PBXSourcesBuildPhase;
				buildActionMask = 2147483647;
					files = (
						E5A41A0E19082C0B00D5D2FD /* darwin-main.c in Sources */,
						E500D7D618E01E0900863EAC /* darwin-ops.c in Sources */,
						C1A0D7D618E01E0900863EA1 /* lltd_wifi_iokit.c in Sources */,
						C1A0D7D618E01E0900863EA2 /* lltd_wifi_rates.c in Sources */,
						FAD3A21C19EACF54000FB445 /* lltdAutomata.c in Sources */,
						A1B2C3D4E5F60718293A4B5E /* lltdWire.c in Sources */,
						DE4ED2E0A1B2C3D4E5F60709 /* lltd_port.c in Sources */,
						E53E69BF1908293B0033F651 /* lltdBlock.c in Sources */,
						E5FD8AE0192A130900E4EA22 /* lltdTlvOps.c in Sources */,
					);
				runOnlyForDeploymentPostprocessing = 0;
			};
		FAD3A22019EACFF8000FB445 /* Sources */ = {
			isa = PBXSourcesBuildPhase;
			buildActionMask = 2147483647;
			files = (
				FAD3A23419EAD02E000FB445 /* main_autom.c in Sources */,
			);
			runOnlyForDeploymentPostprocessing = 0;
		};
/* End PBXSourcesBuildPhase section */

/* Begin XCBuildConfiguration section */
		E522410618CF0CA200DD9E2F /* Debug */ = {
			isa = XCBuildConfiguration;
			buildSettings = {
				ENABLE_TESTABILITY = YES;
				GCC_OPTIMIZATION_LEVEL = 0;
				MACOSX_DEPLOYMENT_TARGET = 10.4;
				ONLY_ACTIVE_ARCH = YES;
				OTHER_CFLAGS = "-DDEBUG=1";
				SDKROOT = macosx;
				STRIP_INSTALLED_PRODUCT = NO;
			};
			name = Debug;
		};
		E522410718CF0CA200DD9E2F /* Release */ = {
			isa = XCBuildConfiguration;
			buildSettings = {
				MACOSX_DEPLOYMENT_TARGET = 10.4;
				OTHER_CFLAGS = "-DDEBUG=1";
				STRIP_INSTALLED_PRODUCT = YES;
			};
			name = Release;
		};
		E59C3D7018E9B38C006836B0 /* Debug */ = {
			isa = XCBuildConfiguration;
			buildSettings = {
				GCC_PREPROCESSOR_DEFINITIONS = (
					"DEBUG=1",
					"$(inherited)",
				);
				INSTALL_PATH = /usr/sbin;
				PRODUCT_NAME = "$(TARGET_NAME)";
			};
			name = Debug;
		};
		E59C3D7118E9B38C006836B0 /* Release */ = {
			isa = XCBuildConfiguration;
			buildSettings = {
				INSTALL_PATH = /usr/sbin;
				PRODUCT_NAME = "$(TARGET_NAME)";
			};
			name = Release;
		};
		E59E8BFB18CF4D250054B295 /* Debug */ = {
			isa = XCBuildConfiguration;
			buildSettings = {
				GCC_PREPROCESSOR_DEFINITIONS = (
					"DEBUG=1",
					"$(inherited)",
				);
				INSTALL_PATH = /usr/sbin;
				PRODUCT_NAME = "$(TARGET_NAME)";
			};
			name = Debug;
		};
		E59E8BFC18CF4D250054B295 /* Release */ = {
			isa = XCBuildConfiguration;
			buildSettings = {
				INSTALL_PATH = /usr/sbin;
				PRODUCT_NAME = "$(TARGET_NAME)";
			};
			name = Release;
		};
		FAD3A23019EACFF8000FB445 /* Debug */ = {
			isa = XCBuildConfiguration;
			buildSettings = {
				GCC_PREPROCESSOR_DEFINITIONS = (
					"DEBUG=1",
					"$(inherited)",
				);
				INSTALL_PATH = /usr/sbin;
			};
			name = Debug;
		};
		FAD3A23119EACFF8000FB445 /* Release */ = {
			isa = XCBuildConfiguration;
			buildSettings = {
				INSTALL_PATH = /usr/sbin;
			};
			name = Release;
		};
/* End XCBuildConfiguration section */

/* Begin XCConfigurationList section */
		E52240F318CF0CA200DD9E2F /* Build configuration list for PBXProject "lltdDaemon" */ = {
			isa = XCConfigurationList;
			buildConfigurations = (
				E522410618CF0CA200DD9E2F /* Debug */,
				E522410718CF0CA200DD9E2F /* Release */,
			);
			defaultConfigurationIsVisible = 0;
			defaultConfigurationName = Release;
		};
		E59E8BFD18CF4D250054B295 /* Build configuration list for PBXNativeTarget "lltdDaemon" */ = {
			isa = XCConfigurationList;
			buildConfigurations = (
				E59E8BFB18CF4D250054B295 /* Debug */,
				E59E8BFC18CF4D250054B295 /* Release */,
			);
			defaultConfigurationIsVisible = 0;
			defaultConfigurationName = Release;
		};
		FAD3A22F19EACFF8000FB445 /* Build configuration list for PBXNativeTarget "automata" */ = {
			isa = XCConfigurationList;
			buildConfigurations = (
				FAD3A23019EACFF8000FB445 /* Debug */,
				FAD3A23119EACFF8000FB445 /* Release */,
			);
			defaultConfigurationIsVisible = 0;
			defaultConfigurationName = Release;
		};
/* End XCConfigurationList section */
	};
	rootObject = E52240F018CF0CA200DD9E2F /* Project object */;
}
