// !$*UTF8*$!
{
	archiveVersion = 1;
	classes = {
	};
	objectVersion = 46;
	objects = {

/* Begin PBXBuildFile section */
		E500D7D618E01E0900863EAC /* darwin-ops.c in Sources */ = {isa = PBXBuildFile; fileRef = E500D7D518E01E0900863EAC /* darwin-ops.c */; };
		E500D7DD18E02F3900863EAC /* ImageIO.framework in Frameworks */ = {isa = PBXBuildFile; fileRef = E500D7DC18E02F3900863EAC /* ImageIO.framework */; };
		E500D7E318E0427200863EAC /* CoreServices.framework in Frameworks */ = {isa = PBXBuildFile; fileRef = E500D7E218E0427200863EAC /* CoreServices.framework */; };
		E53E69BF1908293B0033F651 /* lltdBlock.c in Sources */ = {isa = PBXBuildFile; fileRef = E53E69BE1908293B0033F651 /* lltdBlock.c */; };
		E59C3D6A18E9B38C006836B0 /* CoreFoundation.framework in Frameworks */ = {isa = PBXBuildFile; fileRef = E59E8BF418CF4D250054B295 /* CoreFoundation.framework */; };
		E59C3D6D18E9B38C006836B0 /* main.c in Sources */ = {isa = PBXBuildFile; fileRef = E59C3D6C18E9B38C006836B0 /* main.c */; };
		E59C3D6F18E9B38C006836B0 /* lltddaemon.1 in CopyFiles */ = {isa = PBXBuildFile; fileRef = E59C3D6E18E9B38C006836B0 /* lltddaemon.1 */; };
		E59E8BF518CF4D250054B295 /* CoreFoundation.framework in Frameworks */ = {isa = PBXBuildFile; fileRef = E59E8BF418CF4D250054B295 /* CoreFoundation.framework */; };
		E59E8BFA18CF4D250054B295 /* llmnrd.1 in CopyFiles */ = {isa = PBXBuildFile; fileRef = E59E8BF918CF4D250054B295 /* llmnrd.1 */; };
		E59E8BFF18CF4D4A0054B295 /* IOKit.framework in Frameworks */ = {isa = PBXBuildFile; fileRef = E59E8BFE18CF4D4A0054B295 /* IOKit.framework */; };
		E59E8C0118CF4D500054B295 /* SystemConfiguration.framework in Frameworks */ = {isa = PBXBuildFile; fileRef = E59E8C0018CF4D500054B295 /* SystemConfiguration.framework */; };
		E59E8C0318CF4D550054B295 /* CoreWLAN.framework in Frameworks */ = {isa = PBXBuildFile; fileRef = E59E8C0218CF4D550054B295 /* CoreWLAN.framework */; };
		E5A41A0E19082C0B00D5D2FD /* llmnrd.c in Sources */ = {isa = PBXBuildFile; fileRef = E5A41A0D19082C0B00D5D2FD /* llmnrd.c */; };
/* End PBXBuildFile section */

/* Begin PBXCopyFilesBuildPhase section */
		E59C3D6718E9B38C006836B0 /* CopyFiles */ = {
			isa = PBXCopyFilesBuildPhase;
			buildActionMask = 2147483647;
			dstPath = /usr/share/man/man1/;
			dstSubfolderSpec = 0;
			files = (
				E59C3D6F18E9B38C006836B0 /* lltddaemon.1 in CopyFiles */,
			);
			runOnlyForDeploymentPostprocessing = 1;
		};
		E59E8BF118CF4D250054B295 /* CopyFiles */ = {
			isa = PBXCopyFilesBuildPhase;
			buildActionMask = 2147483647;
			dstPath = /usr/share/man/man1/;
			dstSubfolderSpec = 0;
			files = (
				E59E8BFA18CF4D250054B295 /* llmnrd.1 in CopyFiles */,
			);
			runOnlyForDeploymentPostprocessing = 1;
		};
/* End PBXCopyFilesBuildPhase section */

/* Begin PBXFileReference section */
		E500D7D518E01E0900863EAC /* darwin-ops.c */ = {isa = PBXFileReference; fileEncoding = 4; lastKnownFileType = sourcecode.c.c; name = "darwin-ops.c"; path = "LLMNRd/darwin-ops.c"; sourceTree = SOURCE_ROOT; };
		E500D7D718E01E1800863EAC /* darwin-ops.h */ = {isa = PBXFileReference; lastKnownFileType = sourcecode.c.h; name = "darwin-ops.h"; path = "LLMNRd/darwin-ops.h"; sourceTree = SOURCE_ROOT; };
		E500D7DC18E02F3900863EAC /* ImageIO.framework */ = {isa = PBXFileReference; lastKnownFileType = wrapper.framework; name = ImageIO.framework; path = System/Library/Frameworks/ImageIO.framework; sourceTree = SDKROOT; };
		E500D7E218E0427200863EAC /* CoreServices.framework */ = {isa = PBXFileReference; lastKnownFileType = wrapper.framework; name = CoreServices.framework; path = System/Library/Frameworks/CoreServices.framework; sourceTree = SDKROOT; };
		E500D7E418E08F6C00863EAC /* CoreGraphics.framework */ = {isa = PBXFileReference; lastKnownFileType = wrapper.framework; name = CoreGraphics.framework; path = System/Library/Frameworks/CoreGraphics.framework; sourceTree = SDKROOT; };
		E53E69BE1908293B0033F651 /* lltdBlock.c */ = {isa = PBXFileReference; fileEncoding = 4; lastKnownFileType = sourcecode.c.c; name = lltdBlock.c; path = LLMNRd/lltdBlock.c; sourceTree = SOURCE_ROOT; };
		E53E69C0190829540033F651 /* lltdBlock.h */ = {isa = PBXFileReference; lastKnownFileType = sourcecode.c.h; name = lltdBlock.h; path = ../LLMNRd/lltdBlock.h; sourceTree = "<group>"; };
		E54C38B218F191EB00127645 /* net.shmessenger.darwin.llmnrd.plist */ = {isa = PBXFileReference; fileEncoding = 4; lastKnownFileType = text.plist.xml; name = net.shmessenger.darwin.llmnrd.plist; path = LLMNRd/net.shmessenger.darwin.llmnrd.plist; sourceTree = SOURCE_ROOT; };
		E54C38B318F1920500127645 /* net.shmessenger.darwin.lltddaemon.plist */ = {isa = PBXFileReference; fileEncoding = 4; lastKnownFileType = text.plist.xml; path = net.shmessenger.darwin.lltddaemon.plist; sourceTree = "<group>"; };
		E5774FA718D61F5E00988358 /* llmnrd.h */ = {isa = PBXFileReference; lastKnownFileType = sourcecode.c.h; name = llmnrd.h; path = LLMNRd/llmnrd.h; sourceTree = SOURCE_ROOT; };
		E59A5324190BEBB500CF5329 /* tlv-ops.c */ = {isa = PBXFileReference; fileEncoding = 4; lastKnownFileType = sourcecode.c.c; name = "tlv-ops.c"; path = "LLMNRd/tlv-ops.c"; sourceTree = SOURCE_ROOT; };
		E59A5326190BEBC600CF5329 /* tlv-ops.h */ = {isa = PBXFileReference; lastKnownFileType = sourcecode.c.h; name = "tlv-ops.h"; path = "../LLMNRd/tlv-ops.h"; sourceTree = "<group>"; };
		E59C3D6918E9B38C006836B0 /* lltddaemon */ = {isa = PBXFileReference; explicitFileType = "compiled.mach-o.executable"; includeInIndex = 0; path = lltddaemon; sourceTree = BUILT_PRODUCTS_DIR; };
		E59C3D6C18E9B38C006836B0 /* main.c */ = {isa = PBXFileReference; lastKnownFileType = sourcecode.c.c; path = main.c; sourceTree = "<group>"; };
		E59C3D6E18E9B38C006836B0 /* lltddaemon.1 */ = {isa = PBXFileReference; lastKnownFileType = text.man; path = lltddaemon.1; sourceTree = "<group>"; };
		E59E8BF318CF4D250054B295 /* llmnrd */ = {isa = PBXFileReference; explicitFileType = "compiled.mach-o.executable"; includeInIndex = 0; path = llmnrd; sourceTree = BUILT_PRODUCTS_DIR; };
		E59E8BF418CF4D250054B295 /* CoreFoundation.framework */ = {isa = PBXFileReference; lastKnownFileType = wrapper.framework; name = CoreFoundation.framework; path = System/Library/Frameworks/CoreFoundation.framework; sourceTree = SDKROOT; };
		E59E8BF918CF4D250054B295 /* llmnrd.1 */ = {isa = PBXFileReference; lastKnownFileType = text.man; path = llmnrd.1; sourceTree = "<group>"; };
		E59E8BFE18CF4D4A0054B295 /* IOKit.framework */ = {isa = PBXFileReference; lastKnownFileType = wrapper.framework; name = IOKit.framework; path = System/Library/Frameworks/IOKit.framework; sourceTree = SDKROOT; };
		E59E8C0018CF4D500054B295 /* SystemConfiguration.framework */ = {isa = PBXFileReference; lastKnownFileType = wrapper.framework; name = SystemConfiguration.framework; path = System/Library/Frameworks/SystemConfiguration.framework; sourceTree = SDKROOT; };
		E59E8C0218CF4D550054B295 /* CoreWLAN.framework */ = {isa = PBXFileReference; lastKnownFileType = wrapper.framework; name = CoreWLAN.framework; path = System/Library/Frameworks/CoreWLAN.framework; sourceTree = SDKROOT; };
		E5A41A0D19082C0B00D5D2FD /* llmnrd.c */ = {isa = PBXFileReference; fileEncoding = 4; lastKnownFileType = sourcecode.c.c; name = llmnrd.c; path = LLMNRd/llmnrd.c; sourceTree = SOURCE_ROOT; };
/* End PBXFileReference section */

/* Begin PBXFrameworksBuildPhase section */
		E59C3D6618E9B38C006836B0 /* Frameworks */ = {
			isa = PBXFrameworksBuildPhase;
			buildActionMask = 2147483647;
			files = (
				E59C3D6A18E9B38C006836B0 /* CoreFoundation.framework in Frameworks */,
			);
			runOnlyForDeploymentPostprocessing = 0;
		};
		E59E8BF018CF4D250054B295 /* Frameworks */ = {
			isa = PBXFrameworksBuildPhase;
			buildActionMask = 2147483647;
			files = (
				E500D7E318E0427200863EAC /* CoreServices.framework in Frameworks */,
				E500D7DD18E02F3900863EAC /* ImageIO.framework in Frameworks */,
				E59E8C0318CF4D550054B295 /* CoreWLAN.framework in Frameworks */,
				E59E8C0118CF4D500054B295 /* SystemConfiguration.framework in Frameworks */,
				E59E8BFF18CF4D4A0054B295 /* IOKit.framework in Frameworks */,
				E59E8BF518CF4D250054B295 /* CoreFoundation.framework in Frameworks */,
			);
			runOnlyForDeploymentPostprocessing = 0;
		};
/* End PBXFrameworksBuildPhase section */

/* Begin PBXGroup section */
		E52240EF18CF0CA200DD9E2F = {
			isa = PBXGroup;
			children = (
				E59E8BF618CF4D250054B295 /* llmnrd */,
				E59C3D6B18E9B38C006836B0 /* lltddaemon */,
				E52240FA18CF0CA200DD9E2F /* Frameworks */,
				E52240F918CF0CA200DD9E2F /* Products */,
			);
			sourceTree = "<group>";
		};
		E52240F918CF0CA200DD9E2F /* Products */ = {
			isa = PBXGroup;
			children = (
				E59E8BF318CF4D250054B295 /* llmnrd */,
				E59C3D6918E9B38C006836B0 /* lltddaemon */,
			);
			name = Products;
			sourceTree = "<group>";
		};
		E52240FA18CF0CA200DD9E2F /* Frameworks */ = {
			isa = PBXGroup;
			children = (
				E500D7E418E08F6C00863EAC /* CoreGraphics.framework */,
				E500D7E218E0427200863EAC /* CoreServices.framework */,
				E500D7DC18E02F3900863EAC /* ImageIO.framework */,
				E59E8C0218CF4D550054B295 /* CoreWLAN.framework */,
				E59E8C0018CF4D500054B295 /* SystemConfiguration.framework */,
				E59E8BFE18CF4D4A0054B295 /* IOKit.framework */,
				E59E8BF418CF4D250054B295 /* CoreFoundation.framework */,
			);
			name = Frameworks;
			sourceTree = "<group>";
		};
		E59C3D6B18E9B38C006836B0 /* lltddaemon */ = {
			isa = PBXGroup;
			children = (
				E59C3D6C18E9B38C006836B0 /* main.c */,
				E59C3D6E18E9B38C006836B0 /* lltddaemon.1 */,
				E54C38B318F1920500127645 /* net.shmessenger.darwin.lltddaemon.plist */,
			);
			path = lltddaemon;
			sourceTree = "<group>";
		};
		E59E8BF618CF4D250054B295 /* llmnrd */ = {
			isa = PBXGroup;
			children = (
				E59E8BF918CF4D250054B295 /* llmnrd.1 */,
				E5A41A0D19082C0B00D5D2FD /* llmnrd.c */,
				E5774FA718D61F5E00988358 /* llmnrd.h */,
				E500D7D518E01E0900863EAC /* darwin-ops.c */,
				E500D7D718E01E1800863EAC /* darwin-ops.h */,
				E53E69BE1908293B0033F651 /* lltdBlock.c */,
				E53E69C0190829540033F651 /* lltdBlock.h */,
				E54C38B218F191EB00127645 /* net.shmessenger.darwin.llmnrd.plist */,
				E59A5324190BEBB500CF5329 /* tlv-ops.c */,
				E59A5326190BEBC600CF5329 /* tlv-ops.h */,
			);
			path = llmnrd;
			sourceTree = "<group>";
		};
/* End PBXGroup section */

/* Begin PBXNativeTarget section */
		E59C3D6818E9B38C006836B0 /* lltddaemon */ = {
			isa = PBXNativeTarget;
			buildConfigurationList = E59C3D7218E9B38C006836B0 /* Build configuration list for PBXNativeTarget "lltddaemon" */;
			buildPhases = (
				E59C3D6518E9B38C006836B0 /* Sources */,
				E59C3D6618E9B38C006836B0 /* Frameworks */,
				E59C3D6718E9B38C006836B0 /* CopyFiles */,
			);
			buildRules = (
			);
			dependencies = (
			);
			name = lltddaemon;
			productName = lltddaemon;
			productReference = E59C3D6918E9B38C006836B0 /* lltddaemon */;
			productType = "com.apple.product-type.tool";
		};
		E59E8BF218CF4D250054B295 /* llmnrd */ = {
			isa = PBXNativeTarget;
			buildConfigurationList = E59E8BFD18CF4D250054B295 /* Build configuration list for PBXNativeTarget "llmnrd" */;
			buildPhases = (
				E59E8BEF18CF4D250054B295 /* Sources */,
				E59E8BF018CF4D250054B295 /* Frameworks */,
				E59E8BF118CF4D250054B295 /* CopyFiles */,
			);
			buildRules = (
			);
			dependencies = (
			);
			name = llmnrd;
			productName = llmnrd;
			productReference = E59E8BF318CF4D250054B295 /* llmnrd */;
			productType = "com.apple.product-type.tool";
		};
/* End PBXNativeTarget section */

/* Begin PBXProject section */
		E52240F018CF0CA200DD9E2F /* Project object */ = {
			isa = PBXProject;
			attributes = {
				LastUpgradeCheck = 0500;
				ORGANIZATIONNAME = "Răzvan Corneliu C.R. VILT";
			};
			buildConfigurationList = E52240F318CF0CA200DD9E2F /* Build configuration list for PBXProject "LLMNRd" */;
			compatibilityVersion = "Xcode 3.2";
			developmentRegion = English;
			hasScannedForEncodings = 0;
			knownRegions = (
				en,
			);
			mainGroup = E52240EF18CF0CA200DD9E2F;
			productRefGroup = E52240F918CF0CA200DD9E2F /* Products */;
			projectDirPath = "";
			projectRoot = "";
			targets = (
				E59E8BF218CF4D250054B295 /* llmnrd */,
				E59C3D6818E9B38C006836B0 /* lltddaemon */,
			);
		};
/* End PBXProject section */

/* Begin PBXSourcesBuildPhase section */
		E59C3D6518E9B38C006836B0 /* Sources */ = {
			isa = PBXSourcesBuildPhase;
			buildActionMask = 2147483647;
			files = (
				E59C3D6D18E9B38C006836B0 /* main.c in Sources */,
			);
			runOnlyForDeploymentPostprocessing = 0;
		};
		E59E8BEF18CF4D250054B295 /* Sources */ = {
			isa = PBXSourcesBuildPhase;
			buildActionMask = 2147483647;
			files = (
				E500D7D618E01E0900863EAC /* darwin-ops.c in Sources */,
				E5A41A0E19082C0B00D5D2FD /* llmnrd.c in Sources */,
				E53E69BF1908293B0033F651 /* lltdBlock.c in Sources */,
			);
			runOnlyForDeploymentPostprocessing = 0;
		};
/* End PBXSourcesBuildPhase section */

/* Begin XCBuildConfiguration section */
		E522410618CF0CA200DD9E2F /* Debug */ = {
			isa = XCBuildConfiguration;
			buildSettings = {
				MACOSX_DEPLOYMENT_TARGET = 10.4;
				OTHER_CFLAGS = "-DDEBUG=1";
			};
			name = Debug;
		};
		E522410718CF0CA200DD9E2F /* Release */ = {
			isa = XCBuildConfiguration;
			buildSettings = {
				MACOSX_DEPLOYMENT_TARGET = 10.4;
				OTHER_CFLAGS = "-DDEBUG=1";
			};
			name = Release;
		};
		E59C3D7018E9B38C006836B0 /* Debug */ = {
			isa = XCBuildConfiguration;
			buildSettings = {
				GCC_PREPROCESSOR_DEFINITIONS = (
					"DEBUG=1",
					"$(inherited)",
				);
				PRODUCT_NAME = "$(TARGET_NAME)";
			};
			name = Debug;
		};
		E59C3D7118E9B38C006836B0 /* Release */ = {
			isa = XCBuildConfiguration;
			buildSettings = {
				PRODUCT_NAME = "$(TARGET_NAME)";
			};
			name = Release;
		};
		E59E8BFB18CF4D250054B295 /* Debug */ = {
			isa = XCBuildConfiguration;
			buildSettings = {
				GCC_PREPROCESSOR_DEFINITIONS = (
					"DEBUG=1",
					"$(inherited)",
				);
				PRODUCT_NAME = "$(TARGET_NAME)";
			};
			name = Debug;
		};
		E59E8BFC18CF4D250054B295 /* Release */ = {
			isa = XCBuildConfiguration;
			buildSettings = {
				PRODUCT_NAME = "$(TARGET_NAME)";
			};
			name = Release;
		};
/* End XCBuildConfiguration section */

/* Begin XCConfigurationList section */
		E52240F318CF0CA200DD9E2F /* Build configuration list for PBXProject "LLMNRd" */ = {
			isa = XCConfigurationList;
			buildConfigurations = (
				E522410618CF0CA200DD9E2F /* Debug */,
				E522410718CF0CA200DD9E2F /* Release */,
			);
			defaultConfigurationIsVisible = 0;
			defaultConfigurationName = Release;
		};
		E59C3D7218E9B38C006836B0 /* Build configuration list for PBXNativeTarget "lltddaemon" */ = {
			isa = XCConfigurationList;
			buildConfigurations = (
				E59C3D7018E9B38C006836B0 /* Debug */,
				E59C3D7118E9B38C006836B0 /* Release */,
			);
			defaultConfigurationIsVisible = 0;
			defaultConfigurationName = Release;
		};
		E59E8BFD18CF4D250054B295 /* Build configuration list for PBXNativeTarget "llmnrd" */ = {
			isa = XCConfigurationList;
			buildConfigurations = (
				E59E8BFB18CF4D250054B295 /* Debug */,
				E59E8BFC18CF4D250054B295 /* Release */,
			);
			defaultConfigurationIsVisible = 0;
			defaultConfigurationName = Release;
		};
/* End XCConfigurationList section */
	};
	rootObject = E52240F018CF0CA200DD9E2F /* Project object */;
}
